
Microsoft Visual Studio Solution File, Format Version 12.00
# Visual Studio Version 16
VisualStudioVersion = 16.0.31613.86
MinimumVisualStudioVersion = 10.0.40219.1
Project("{9A19103F-16F7-4668-BE54-9A1E7A4F7556}") = "Client", "src\Client\Client.csproj", "{7FE3DFF9-ACC2-40A9-97CC-A5D2882025EA}"
EndProject
Project("{9A19103F-16F7-4668-BE54-9A1E7A4F7556}") = "Server", "src\Server\Server.csproj", "{F9F5E663-095D-4CAC-B7C8-18BEB760DA58}"
EndProject
Project("{9A19103F-16F7-4668-BE54-9A1E7A4F7556}") = "UdpPerformance", "src\UdpPerformance\UdpPerformance.csproj", "{C84CA2FF-960E-439C-B265-17F906D786DA}"
EndProject
Global
	GlobalSection(SolutionConfigurationPlatforms) = preSolution
		Debug|Any CPU = Debug|Any CPU
		Release|Any CPU = Release|Any CPU
	EndGlobalSection
	GlobalSection(ProjectConfigurationPlatforms) = postSolution
		{7FE3DFF9-ACC2-40A9-97CC-A5D2882025EA}.Debug|Any CPU.ActiveCfg = Debug|Any CPU
		{7FE3DFF9-ACC2-40A9-97CC-A5D2882025EA}.Debug|Any CPU.Build.0 = Debug|Any CPU
		{7FE3DFF9-ACC2-40A9-97CC-A5D2882025EA}.Release|Any CPU.ActiveCfg = Release|Any CPU
		{7FE3DFF9-ACC2-40A9-97CC-A5D2882025EA}.Release|Any CPU.Build.0 = Release|Any CPU
		{F9F5E663-095D-4CAC-B7C8-18BEB760DA58}.Debug|Any CPU.ActiveCfg = Debug|Any CPU
		{F9F5E663-095D-4CAC-B7C8-18BEB760DA58}.Debug|Any CPU.Build.0 = Debug|Any CPU
		{F9F5E663-095D-4CAC-B7C8-18BEB760DA58}.Release|Any CPU.ActiveCfg = Release|Any CPU
		{F9F5E663-095D-4CAC-B7C8-18BEB760DA58}.Release|Any CPU.Build.0 = Release|Any CPU
		{C84CA2FF-960E-439C-B265-17F906D786DA}.Debug|Any CPU.ActiveCfg = Debug|Any CPU
		{C84CA2FF-960E-439C-B265-17F906D786DA}.Debug|Any CPU.Build.0 = Debug|Any CPU
		{C84CA2FF-960E-439C-B265-17F906D786DA}.Release|Any CPU.ActiveCfg = Release|Any CPU
		{C84CA2FF-960E-439C-B265-17F906D786DA}.Release|Any CPU.Build.0 = Release|Any CPU
	EndGlobalSection
	GlobalSection(SolutionProperties) = preSolution
		HideSolutionNode = FALSE
	EndGlobalSection
	GlobalSection(ExtensibilityGlobals) = postSolution
		SolutionGuid = {BDAF56D6-0F01-4989-BC2D-E7E7EEB1E2CB}
	EndGlobalSection
EndGlobal
